
Microsoft Visual Studio Solution File, Format Version 12.00
# Visual Studio Version 17
VisualStudioVersion = 17.12.35707.178
MinimumVisualStudioVersion = 10.0.40219.1
Project("{FAE04EC0-301F-11D3-BF4B-00C04F79EFBC}") = "Task_4_1", "Task_4_1\Task_4_1.csproj", "{2C7291A3-4B1D-454F-91C4-0828FD0CD3F2}"
EndProject
Project("{FAE04EC0-301F-11D3-BF4B-00C04F79EFBC}") = "Task_4_2", "Task_4_2\Task_4_2.csproj", "{8406A00A-2D4E-4B52-8F42-62B0DD14D354}"
EndProject
Project("{FAE04EC0-301F-11D3-BF4B-00C04F79EFBC}") = "Task_4_3", "Task_4_3\Task_4_3.csproj", "{B5DA4C75-8E43-4366-801E-B156F6895D9E}"
EndProject
Project("{FAE04EC0-301F-11D3-BF4B-00C04F79EFBC}") = "Task_4_4", "Task_4_4\Task_4_4.csproj", "{6146618C-CD98-4C8B-8261-BAFB0209BD68}"
EndProject
Project("{FAE04EC0-301F-11D3-BF4B-00C04F79EFBC}") = "Task_4_5", "Task_4_5\Task_4_5.csproj", "{50F1CF8A-0340-4431-A5CF-3308F9949A7F}"
EndProject
Project("{FAE04EC0-301F-11D3-BF4B-00C04F79EFBC}") = "Task_4_6", "Task_4_6\Task_4_6.csproj", "{A990F482-FC5A-4796-9F63-0371F2BBAD0E}"
EndProject
Project("{FAE04EC0-301F-11D3-BF4B-00C04F79EFBC}") = "Task_4_7", "Task_4_7\Task_4_7.csproj", "{42759BB0-134C-4FF4-A7B1-34FB42B89297}"
EndProject
Project("{FAE04EC0-301F-11D3-BF4B-00C04F79EFBC}") = "Task_4_8", "Task_4_8\Task_4_8.csproj", "{27A41F1B-80E6-42E8-BB7F-1703512FCF3B}"
EndProject
Project("{FAE04EC0-301F-11D3-BF4B-00C04F79EFBC}") = "Task_5_1", "Task_5_1\Task_5_1.csproj", "{ADDDDE13-9423-46A8-86DD-A7666E2902BE}"
EndProject
Project("{FAE04EC0-301F-11D3-BF4B-00C04F79EFBC}") = "Task_5_2", "Task_5_2\Task_5_2.csproj", "{1004B79F-0929-4A24-90F9-511FDF3C869E}"
EndProject
Project("{FAE04EC0-301F-11D3-BF4B-00C04F79EFBC}") = "Task_5_3", "Task_5_3\Task_5_3.csproj", "{2E274AEB-CF83-498B-9499-96D16AB0E3C0}"
EndProject
Project("{FAE04EC0-301F-11D3-BF4B-00C04F79EFBC}") = "Task_5_4", "Task_5_4\Task_5_4.csproj", "{5D470C30-B61A-4B97-A2D1-9D37C84BACA7}"
EndProject
Project("{FAE04EC0-301F-11D3-BF4B-00C04F79EFBC}") = "Task_5_5", "Task_5_5\Task_5_5.csproj", "{EC1CF538-22AA-48DC-8822-3CD7E069FA6D}"
EndProject
Project("{FAE04EC0-301F-11D3-BF4B-00C04F79EFBC}") = "Task_5_6", "Task_5_6\Task_5_6.csproj", "{D6C3481A-2556-4156-8CCB-6601EFB1849F}"
EndProject
Project("{FAE04EC0-301F-11D3-BF4B-00C04F79EFBC}") = "Task_5_7", "Task_5_7\Task_5_7.csproj", "{299D69FC-5816-4DEA-966B-A375134BD2D2}"
EndProject
Project("{FAE04EC0-301F-11D3-BF4B-00C04F79EFBC}") = "Task_5_8", "Test_5_8\Task_5_8.csproj", "{F28F803F-2CCA-4831-8405-D2ADBEB4C7F6}"
EndProject
Project("{FAE04EC0-301F-11D3-BF4B-00C04F79EFBC}") = "Task_5_9", "Task_5_9\Task_5_9.csproj", "{09A3C4D7-70C0-4791-9EA8-CC3F3B9B63D2}"
EndProject
Project("{FAE04EC0-301F-11D3-BF4B-00C04F79EFBC}") = "Task_5_10", "Task_5_10\Task_5_10.csproj", "{2CC1AE63-F77D-4E5A-9893-F6CDD1277D3A}"
EndProject
Project("{FAE04EC0-301F-11D3-BF4B-00C04F79EFBC}") = "Task_6_1", "Task_6_1\Task_6_1.csproj", "{A2AEC0C3-942F-4925-B5D8-05409FC55533}"
EndProject
Project("{FAE04EC0-301F-11D3-BF4B-00C04F79EFBC}") = "Task_6_2", "Task_6_2\Task_6_2.csproj", "{326A4080-986E-4858-AC05-78905B15B40B}"
EndProject
Project("{FAE04EC0-301F-11D3-BF4B-00C04F79EFBC}") = "Task_6_3", "Task_6_3\Task_6_3.csproj", "{F6A20416-58C0-4CAC-A7B8-332C96B6FC1D}"
EndProject
Project("{FAE04EC0-301F-11D3-BF4B-00C04F79EFBC}") = "Task_6_4", "Task_6_4\Task_6_4.csproj", "{2DA72EBE-08E5-4A8C-B3B5-6DD3FE3FD705}"
EndProject
Project("{FAE04EC0-301F-11D3-BF4B-00C04F79EFBC}") = "Task_6_5", "Task_6_5\Task_6_5.csproj", "{E1C340EA-1404-4441-8758-A61F939F70F5}"
EndProject
Project("{FAE04EC0-301F-11D3-BF4B-00C04F79EFBC}") = "Task_6_6", "Task_6_6\Task_6_6.csproj", "{9855CFB6-C747-4C39-8B37-EECABF4A0959}"
EndProject
Project("{FAE04EC0-301F-11D3-BF4B-00C04F79EFBC}") = "Task_7_1", "Task_7_1\Task_7_1.csproj", "{FE7EE285-F6C2-4A38-9895-3D72BD6DA083}"
EndProject
Project("{FAE04EC0-301F-11D3-BF4B-00C04F79EFBC}") = "Task_7_2", "Task_7_2\Task_7_2.csproj", "{13B5D8DB-C16F-4B20-8A9A-4DAA26D85A4C}"
EndProject
Project("{FAE04EC0-301F-11D3-BF4B-00C04F79EFBC}") = "Task_7_3", "Task_7_3\Task_7_3.csproj", "{3E2501F2-72B8-4575-A705-0B0C86BB9EA7}"
EndProject
Project("{FAE04EC0-301F-11D3-BF4B-00C04F79EFBC}") = "Task_7_4", "Task_7_4\Task_7_4.csproj", "{FE2C5FED-9E95-4F1A-9C10-A21A5733FFF7}"
EndProject
Project("{FAE04EC0-301F-11D3-BF4B-00C04F79EFBC}") = "Task_7_5", "Task_7_5\Task_7_5.csproj", "{DD748C20-7031-4B05-AA4E-B24052F0065B}"
EndProject
Project("{FAE04EC0-301F-11D3-BF4B-00C04F79EFBC}") = "Task_8_1", "Task_8_1\Task_8_1.csproj", "{0B4309CA-BFB5-4BE1-8D5E-3F71A196BB6B}"
EndProject
Project("{FAE04EC0-301F-11D3-BF4B-00C04F79EFBC}") = "Task_8_2", "Task_8_2\Task_8_2.csproj", "{EC8C1931-28CD-478B-8506-0E02593A0019}"
EndProject
Project("{FAE04EC0-301F-11D3-BF4B-00C04F79EFBC}") = "Task_9_1", "Task_9_1\Task_9_1.csproj", "{910997D4-FA77-483A-816C-40AF96B12962}"
EndProject
Project("{FAE04EC0-301F-11D3-BF4B-00C04F79EFBC}") = "Task_9_2", "Task_9_2\Task_9_2.csproj", "{6182CC4C-129D-4315-9562-7CB095AF65D4}"
EndProject
Global
	GlobalSection(SolutionConfigurationPlatforms) = preSolution
		Debug|Any CPU = Debug|Any CPU
		Release|Any CPU = Release|Any CPU
	EndGlobalSection
	GlobalSection(ProjectConfigurationPlatforms) = postSolution
		{2C7291A3-4B1D-454F-91C4-0828FD0CD3F2}.Debug|Any CPU.ActiveCfg = Debug|Any CPU
		{2C7291A3-4B1D-454F-91C4-0828FD0CD3F2}.Debug|Any CPU.Build.0 = Debug|Any CPU
		{2C7291A3-4B1D-454F-91C4-0828FD0CD3F2}.Release|Any CPU.ActiveCfg = Release|Any CPU
		{2C7291A3-4B1D-454F-91C4-0828FD0CD3F2}.Release|Any CPU.Build.0 = Release|Any CPU
		{8406A00A-2D4E-4B52-8F42-62B0DD14D354}.Debug|Any CPU.ActiveCfg = Debug|Any CPU
		{8406A00A-2D4E-4B52-8F42-62B0DD14D354}.Debug|Any CPU.Build.0 = Debug|Any CPU
		{8406A00A-2D4E-4B52-8F42-62B0DD14D354}.Release|Any CPU.ActiveCfg = Release|Any CPU
		{8406A00A-2D4E-4B52-8F42-62B0DD14D354}.Release|Any CPU.Build.0 = Release|Any CPU
		{B5DA4C75-8E43-4366-801E-B156F6895D9E}.Debug|Any CPU.ActiveCfg = Debug|Any CPU
		{B5DA4C75-8E43-4366-801E-B156F6895D9E}.Debug|Any CPU.Build.0 = Debug|Any CPU
		{B5DA4C75-8E43-4366-801E-B156F6895D9E}.Release|Any CPU.ActiveCfg = Release|Any CPU
		{B5DA4C75-8E43-4366-801E-B156F6895D9E}.Release|Any CPU.Build.0 = Release|Any CPU
		{6146618C-CD98-4C8B-8261-BAFB0209BD68}.Debug|Any CPU.ActiveCfg = Debug|Any CPU
		{6146618C-CD98-4C8B-8261-BAFB0209BD68}.Debug|Any CPU.Build.0 = Debug|Any CPU
		{6146618C-CD98-4C8B-8261-BAFB0209BD68}.Release|Any CPU.ActiveCfg = Release|Any CPU
		{6146618C-CD98-4C8B-8261-BAFB0209BD68}.Release|Any CPU.Build.0 = Release|Any CPU
		{50F1CF8A-0340-4431-A5CF-3308F9949A7F}.Debug|Any CPU.ActiveCfg = Debug|Any CPU
		{50F1CF8A-0340-4431-A5CF-3308F9949A7F}.Debug|Any CPU.Build.0 = Debug|Any CPU
		{50F1CF8A-0340-4431-A5CF-3308F9949A7F}.Release|Any CPU.ActiveCfg = Release|Any CPU
		{50F1CF8A-0340-4431-A5CF-3308F9949A7F}.Release|Any CPU.Build.0 = Release|Any CPU
		{A990F482-FC5A-4796-9F63-0371F2BBAD0E}.Debug|Any CPU.ActiveCfg = Debug|Any CPU
		{A990F482-FC5A-4796-9F63-0371F2BBAD0E}.Debug|Any CPU.Build.0 = Debug|Any CPU
		{A990F482-FC5A-4796-9F63-0371F2BBAD0E}.Release|Any CPU.ActiveCfg = Release|Any CPU
		{A990F482-FC5A-4796-9F63-0371F2BBAD0E}.Release|Any CPU.Build.0 = Release|Any CPU
		{42759BB0-134C-4FF4-A7B1-34FB42B89297}.Debug|Any CPU.ActiveCfg = Debug|Any CPU
		{42759BB0-134C-4FF4-A7B1-34FB42B89297}.Debug|Any CPU.Build.0 = Debug|Any CPU
		{42759BB0-134C-4FF4-A7B1-34FB42B89297}.Release|Any CPU.ActiveCfg = Release|Any CPU
		{42759BB0-134C-4FF4-A7B1-34FB42B89297}.Release|Any CPU.Build.0 = Release|Any CPU
		{27A41F1B-80E6-42E8-BB7F-1703512FCF3B}.Debug|Any CPU.ActiveCfg = Debug|Any CPU
		{27A41F1B-80E6-42E8-BB7F-1703512FCF3B}.Debug|Any CPU.Build.0 = Debug|Any CPU
		{27A41F1B-80E6-42E8-BB7F-1703512FCF3B}.Release|Any CPU.ActiveCfg = Release|Any CPU
		{27A41F1B-80E6-42E8-BB7F-1703512FCF3B}.Release|Any CPU.Build.0 = Release|Any CPU
		{ADDDDE13-9423-46A8-86DD-A7666E2902BE}.Debug|Any CPU.ActiveCfg = Debug|Any CPU
		{ADDDDE13-9423-46A8-86DD-A7666E2902BE}.Debug|Any CPU.Build.0 = Debug|Any CPU
		{ADDDDE13-9423-46A8-86DD-A7666E2902BE}.Release|Any CPU.ActiveCfg = Release|Any CPU
		{ADDDDE13-9423-46A8-86DD-A7666E2902BE}.Release|Any CPU.Build.0 = Release|Any CPU
		{1004B79F-0929-4A24-90F9-511FDF3C869E}.Debug|Any CPU.ActiveCfg = Debug|Any CPU
		{1004B79F-0929-4A24-90F9-511FDF3C869E}.Debug|Any CPU.Build.0 = Debug|Any CPU
		{1004B79F-0929-4A24-90F9-511FDF3C869E}.Release|Any CPU.ActiveCfg = Release|Any CPU
		{1004B79F-0929-4A24-90F9-511FDF3C869E}.Release|Any CPU.Build.0 = Release|Any CPU
		{2E274AEB-CF83-498B-9499-96D16AB0E3C0}.Debug|Any CPU.ActiveCfg = Debug|Any CPU
		{2E274AEB-CF83-498B-9499-96D16AB0E3C0}.Debug|Any CPU.Build.0 = Debug|Any CPU
		{2E274AEB-CF83-498B-9499-96D16AB0E3C0}.Release|Any CPU.ActiveCfg = Release|Any CPU
		{2E274AEB-CF83-498B-9499-96D16AB0E3C0}.Release|Any CPU.Build.0 = Release|Any CPU
		{5D470C30-B61A-4B97-A2D1-9D37C84BACA7}.Debug|Any CPU.ActiveCfg = Debug|Any CPU
		{5D470C30-B61A-4B97-A2D1-9D37C84BACA7}.Debug|Any CPU.Build.0 = Debug|Any CPU
		{5D470C30-B61A-4B97-A2D1-9D37C84BACA7}.Release|Any CPU.ActiveCfg = Release|Any CPU
		{5D470C30-B61A-4B97-A2D1-9D37C84BACA7}.Release|Any CPU.Build.0 = Release|Any CPU
		{EC1CF538-22AA-48DC-8822-3CD7E069FA6D}.Debug|Any CPU.ActiveCfg = Debug|Any CPU
		{EC1CF538-22AA-48DC-8822-3CD7E069FA6D}.Debug|Any CPU.Build.0 = Debug|Any CPU
		{EC1CF538-22AA-48DC-8822-3CD7E069FA6D}.Release|Any CPU.ActiveCfg = Release|Any CPU
		{EC1CF538-22AA-48DC-8822-3CD7E069FA6D}.Release|Any CPU.Build.0 = Release|Any CPU
		{D6C3481A-2556-4156-8CCB-6601EFB1849F}.Debug|Any CPU.ActiveCfg = Debug|Any CPU
		{D6C3481A-2556-4156-8CCB-6601EFB1849F}.Debug|Any CPU.Build.0 = Debug|Any CPU
		{D6C3481A-2556-4156-8CCB-6601EFB1849F}.Release|Any CPU.ActiveCfg = Release|Any CPU
		{D6C3481A-2556-4156-8CCB-6601EFB1849F}.Release|Any CPU.Build.0 = Release|Any CPU
		{299D69FC-5816-4DEA-966B-A375134BD2D2}.Debug|Any CPU.ActiveCfg = Debug|Any CPU
		{299D69FC-5816-4DEA-966B-A375134BD2D2}.Debug|Any CPU.Build.0 = Debug|Any CPU
		{299D69FC-5816-4DEA-966B-A375134BD2D2}.Release|Any CPU.ActiveCfg = Release|Any CPU
		{299D69FC-5816-4DEA-966B-A375134BD2D2}.Release|Any CPU.Build.0 = Release|Any CPU
		{F28F803F-2CCA-4831-8405-D2ADBEB4C7F6}.Debug|Any CPU.ActiveCfg = Debug|Any CPU
		{F28F803F-2CCA-4831-8405-D2ADBEB4C7F6}.Debug|Any CPU.Build.0 = Debug|Any CPU
		{F28F803F-2CCA-4831-8405-D2ADBEB4C7F6}.Release|Any CPU.ActiveCfg = Release|Any CPU
		{F28F803F-2CCA-4831-8405-D2ADBEB4C7F6}.Release|Any CPU.Build.0 = Release|Any CPU
		{09A3C4D7-70C0-4791-9EA8-CC3F3B9B63D2}.Debug|Any CPU.ActiveCfg = Debug|Any CPU
		{09A3C4D7-70C0-4791-9EA8-CC3F3B9B63D2}.Debug|Any CPU.Build.0 = Debug|Any CPU
		{09A3C4D7-70C0-4791-9EA8-CC3F3B9B63D2}.Release|Any CPU.ActiveCfg = Release|Any CPU
		{09A3C4D7-70C0-4791-9EA8-CC3F3B9B63D2}.Release|Any CPU.Build.0 = Release|Any CPU
		{2CC1AE63-F77D-4E5A-9893-F6CDD1277D3A}.Debug|Any CPU.ActiveCfg = Debug|Any CPU
		{2CC1AE63-F77D-4E5A-9893-F6CDD1277D3A}.Debug|Any CPU.Build.0 = Debug|Any CPU
		{2CC1AE63-F77D-4E5A-9893-F6CDD1277D3A}.Release|Any CPU.ActiveCfg = Release|Any CPU
		{2CC1AE63-F77D-4E5A-9893-F6CDD1277D3A}.Release|Any CPU.Build.0 = Release|Any CPU
		{A2AEC0C3-942F-4925-B5D8-05409FC55533}.Debug|Any CPU.ActiveCfg = Debug|Any CPU
		{A2AEC0C3-942F-4925-B5D8-05409FC55533}.Debug|Any CPU.Build.0 = Debug|Any CPU
		{A2AEC0C3-942F-4925-B5D8-05409FC55533}.Release|Any CPU.ActiveCfg = Release|Any CPU
		{A2AEC0C3-942F-4925-B5D8-05409FC55533}.Release|Any CPU.Build.0 = Release|Any CPU
		{326A4080-986E-4858-AC05-78905B15B40B}.Debug|Any CPU.ActiveCfg = Debug|Any CPU
		{326A4080-986E-4858-AC05-78905B15B40B}.Debug|Any CPU.Build.0 = Debug|Any CPU
		{326A4080-986E-4858-AC05-78905B15B40B}.Release|Any CPU.ActiveCfg = Release|Any CPU
		{326A4080-986E-4858-AC05-78905B15B40B}.Release|Any CPU.Build.0 = Release|Any CPU
		{F6A20416-58C0-4CAC-A7B8-332C96B6FC1D}.Debug|Any CPU.ActiveCfg = Debug|Any CPU
		{F6A20416-58C0-4CAC-A7B8-332C96B6FC1D}.Debug|Any CPU.Build.0 = Debug|Any CPU
		{F6A20416-58C0-4CAC-A7B8-332C96B6FC1D}.Release|Any CPU.ActiveCfg = Release|Any CPU
		{F6A20416-58C0-4CAC-A7B8-332C96B6FC1D}.Release|Any CPU.Build.0 = Release|Any CPU
		{2DA72EBE-08E5-4A8C-B3B5-6DD3FE3FD705}.Debug|Any CPU.ActiveCfg = Debug|Any CPU
		{2DA72EBE-08E5-4A8C-B3B5-6DD3FE3FD705}.Debug|Any CPU.Build.0 = Debug|Any CPU
		{2DA72EBE-08E5-4A8C-B3B5-6DD3FE3FD705}.Release|Any CPU.ActiveCfg = Release|Any CPU
		{2DA72EBE-08E5-4A8C-B3B5-6DD3FE3FD705}.Release|Any CPU.Build.0 = Release|Any CPU
		{E1C340EA-1404-4441-8758-A61F939F70F5}.Debug|Any CPU.ActiveCfg = Debug|Any CPU
		{E1C340EA-1404-4441-8758-A61F939F70F5}.Debug|Any CPU.Build.0 = Debug|Any CPU
		{E1C340EA-1404-4441-8758-A61F939F70F5}.Release|Any CPU.ActiveCfg = Release|Any CPU
		{E1C340EA-1404-4441-8758-A61F939F70F5}.Release|Any CPU.Build.0 = Release|Any CPU
		{9855CFB6-C747-4C39-8B37-EECABF4A0959}.Debug|Any CPU.ActiveCfg = Debug|Any CPU
		{9855CFB6-C747-4C39-8B37-EECABF4A0959}.Debug|Any CPU.Build.0 = Debug|Any CPU
		{9855CFB6-C747-4C39-8B37-EECABF4A0959}.Release|Any CPU.ActiveCfg = Release|Any CPU
		{9855CFB6-C747-4C39-8B37-EECABF4A0959}.Release|Any CPU.Build.0 = Release|Any CPU
		{FE7EE285-F6C2-4A38-9895-3D72BD6DA083}.Debug|Any CPU.ActiveCfg = Debug|Any CPU
		{FE7EE285-F6C2-4A38-9895-3D72BD6DA083}.Debug|Any CPU.Build.0 = Debug|Any CPU
		{FE7EE285-F6C2-4A38-9895-3D72BD6DA083}.Release|Any CPU.ActiveCfg = Release|Any CPU
		{FE7EE285-F6C2-4A38-9895-3D72BD6DA083}.Release|Any CPU.Build.0 = Release|Any CPU
		{13B5D8DB-C16F-4B20-8A9A-4DAA26D85A4C}.Debug|Any CPU.ActiveCfg = Debug|Any CPU
		{13B5D8DB-C16F-4B20-8A9A-4DAA26D85A4C}.Debug|Any CPU.Build.0 = Debug|Any CPU
		{13B5D8DB-C16F-4B20-8A9A-4DAA26D85A4C}.Release|Any CPU.ActiveCfg = Release|Any CPU
		{13B5D8DB-C16F-4B20-8A9A-4DAA26D85A4C}.Release|Any CPU.Build.0 = Release|Any CPU
		{3E2501F2-72B8-4575-A705-0B0C86BB9EA7}.Debug|Any CPU.ActiveCfg = Debug|Any CPU
		{3E2501F2-72B8-4575-A705-0B0C86BB9EA7}.Debug|Any CPU.Build.0 = Debug|Any CPU
		{3E2501F2-72B8-4575-A705-0B0C86BB9EA7}.Release|Any CPU.ActiveCfg = Release|Any CPU
		{3E2501F2-72B8-4575-A705-0B0C86BB9EA7}.Release|Any CPU.Build.0 = Release|Any CPU
		{FE2C5FED-9E95-4F1A-9C10-A21A5733FFF7}.Debug|Any CPU.ActiveCfg = Debug|Any CPU
		{FE2C5FED-9E95-4F1A-9C10-A21A5733FFF7}.Debug|Any CPU.Build.0 = Debug|Any CPU
		{FE2C5FED-9E95-4F1A-9C10-A21A5733FFF7}.Release|Any CPU.ActiveCfg = Release|Any CPU
		{FE2C5FED-9E95-4F1A-9C10-A21A5733FFF7}.Release|Any CPU.Build.0 = Release|Any CPU
		{DD748C20-7031-4B05-AA4E-B24052F0065B}.Debug|Any CPU.ActiveCfg = Debug|Any CPU
		{DD748C20-7031-4B05-AA4E-B24052F0065B}.Debug|Any CPU.Build.0 = Debug|Any CPU
		{DD748C20-7031-4B05-AA4E-B24052F0065B}.Release|Any CPU.ActiveCfg = Release|Any CPU
		{DD748C20-7031-4B05-AA4E-B24052F0065B}.Release|Any CPU.Build.0 = Release|Any CPU
		{0B4309CA-BFB5-4BE1-8D5E-3F71A196BB6B}.Debug|Any CPU.ActiveCfg = Debug|Any CPU
		{0B4309CA-BFB5-4BE1-8D5E-3F71A196BB6B}.Debug|Any CPU.Build.0 = Debug|Any CPU
		{0B4309CA-BFB5-4BE1-8D5E-3F71A196BB6B}.Release|Any CPU.ActiveCfg = Release|Any CPU
		{0B4309CA-BFB5-4BE1-8D5E-3F71A196BB6B}.Release|Any CPU.Build.0 = Release|Any CPU
		{EC8C1931-28CD-478B-8506-0E02593A0019}.Debug|Any CPU.ActiveCfg = Debug|Any CPU
		{EC8C1931-28CD-478B-8506-0E02593A0019}.Debug|Any CPU.Build.0 = Debug|Any CPU
		{EC8C1931-28CD-478B-8506-0E02593A0019}.Release|Any CPU.ActiveCfg = Release|Any CPU
		{EC8C1931-28CD-478B-8506-0E02593A0019}.Release|Any CPU.Build.0 = Release|Any CPU
		{910997D4-FA77-483A-816C-40AF96B12962}.Debug|Any CPU.ActiveCfg = Debug|Any CPU
		{910997D4-FA77-483A-816C-40AF96B12962}.Debug|Any CPU.Build.0 = Debug|Any CPU
		{910997D4-FA77-483A-816C-40AF96B12962}.Release|Any CPU.ActiveCfg = Release|Any CPU
		{910997D4-FA77-483A-816C-40AF96B12962}.Release|Any CPU.Build.0 = Release|Any CPU
		{6182CC4C-129D-4315-9562-7CB095AF65D4}.Debug|Any CPU.ActiveCfg = Debug|Any CPU
		{6182CC4C-129D-4315-9562-7CB095AF65D4}.Debug|Any CPU.Build.0 = Debug|Any CPU
		{6182CC4C-129D-4315-9562-7CB095AF65D4}.Release|Any CPU.ActiveCfg = Release|Any CPU
		{6182CC4C-129D-4315-9562-7CB095AF65D4}.Release|Any CPU.Build.0 = Release|Any CPU
	EndGlobalSection
	GlobalSection(SolutionProperties) = preSolution
		HideSolutionNode = FALSE
	EndGlobalSection
EndGlobal
