
Microsoft Visual Studio Solution File, Format Version 12.00
# Visual Studio Version 17
VisualStudioVersion = 17.12.35707.178
MinimumVisualStudioVersion = 10.0.40219.1
Project("{FAE04EC0-301F-11D3-BF4B-00C04F79EFBC}") = "Task_4_1", "Task_4_1\Task_4_1.csproj", "{2C7291A3-4B1D-454F-91C4-0828FD0CD3F2}"
EndProject
Project("{FAE04EC0-301F-11D3-BF4B-00C04F79EFBC}") = "Task_4_2", "Task_4_2\Task_4_2.csproj", "{8406A00A-2D4E-4B52-8F42-62B0DD14D354}"
EndProject
Project("{FAE04EC0-301F-11D3-BF4B-00C04F79EFBC}") = "Task_4_3", "Task_4_3\Task_4_3.csproj", "{B5DA4C75-8E43-4366-801E-B156F6895D9E}"
EndProject
Project("{FAE04EC0-301F-11D3-BF4B-00C04F79EFBC}") = "Task_4_4", "Task_4_4\Task_4_4.csproj", "{6146618C-CD98-4C8B-8261-BAFB0209BD68}"
EndProject
Project("{FAE04EC0-301F-11D3-BF4B-00C04F79EFBC}") = "Task_4_5", "Task_4_5\Task_4_5.csproj", "{50F1CF8A-0340-4431-A5CF-3308F9949A7F}"
EndProject
Project("{FAE04EC0-301F-11D3-BF4B-00C04F79EFBC}") = "Task_4_6", "Task_4_6\Task_4_6.csproj", "{A990F482-FC5A-4796-9F63-0371F2BBAD0E}"
EndProject
Project("{FAE04EC0-301F-11D3-BF4B-00C04F79EFBC}") = "Task_4_7", "Task_4_7\Task_4_7.csproj", "{42759BB0-134C-4FF4-A7B1-34FB42B89297}"
EndProject
Project("{FAE04EC0-301F-11D3-BF4B-00C04F79EFBC}") = "Task_4_8", "Task_4_8\Task_4_8.csproj", "{27A41F1B-80E6-42E8-BB7F-1703512FCF3B}"
EndProject
Global
	GlobalSection(SolutionConfigurationPlatforms) = preSolution
		Debug|Any CPU = Debug|Any CPU
		Release|Any CPU = Release|Any CPU
	EndGlobalSection
	GlobalSection(ProjectConfigurationPlatforms) = postSolution
		{2C7291A3-4B1D-454F-91C4-0828FD0CD3F2}.Debug|Any CPU.ActiveCfg = Debug|Any CPU
		{2C7291A3-4B1D-454F-91C4-0828FD0CD3F2}.Debug|Any CPU.Build.0 = Debug|Any CPU
		{2C7291A3-4B1D-454F-91C4-0828FD0CD3F2}.Release|Any CPU.ActiveCfg = Release|Any CPU
		{2C7291A3-4B1D-454F-91C4-0828FD0CD3F2}.Release|Any CPU.Build.0 = Release|Any CPU
		{8406A00A-2D4E-4B52-8F42-62B0DD14D354}.Debug|Any CPU.ActiveCfg = Debug|Any CPU
		{8406A00A-2D4E-4B52-8F42-62B0DD14D354}.Debug|Any CPU.Build.0 = Debug|Any CPU
		{8406A00A-2D4E-4B52-8F42-62B0DD14D354}.Release|Any CPU.ActiveCfg = Release|Any CPU
		{8406A00A-2D4E-4B52-8F42-62B0DD14D354}.Release|Any CPU.Build.0 = Release|Any CPU
		{B5DA4C75-8E43-4366-801E-B156F6895D9E}.Debug|Any CPU.ActiveCfg = Debug|Any CPU
		{B5DA4C75-8E43-4366-801E-B156F6895D9E}.Debug|Any CPU.Build.0 = Debug|Any CPU
		{B5DA4C75-8E43-4366-801E-B156F6895D9E}.Release|Any CPU.ActiveCfg = Release|Any CPU
		{B5DA4C75-8E43-4366-801E-B156F6895D9E}.Release|Any CPU.Build.0 = Release|Any CPU
		{6146618C-CD98-4C8B-8261-BAFB0209BD68}.Debug|Any CPU.ActiveCfg = Debug|Any CPU
		{6146618C-CD98-4C8B-8261-BAFB0209BD68}.Debug|Any CPU.Build.0 = Debug|Any CPU
		{6146618C-CD98-4C8B-8261-BAFB0209BD68}.Release|Any CPU.ActiveCfg = Release|Any CPU
		{6146618C-CD98-4C8B-8261-BAFB0209BD68}.Release|Any CPU.Build.0 = Release|Any CPU
		{50F1CF8A-0340-4431-A5CF-3308F9949A7F}.Debug|Any CPU.ActiveCfg = Debug|Any CPU
		{50F1CF8A-0340-4431-A5CF-3308F9949A7F}.Debug|Any CPU.Build.0 = Debug|Any CPU
		{50F1CF8A-0340-4431-A5CF-3308F9949A7F}.Release|Any CPU.ActiveCfg = Release|Any CPU
		{50F1CF8A-0340-4431-A5CF-3308F9949A7F}.Release|Any CPU.Build.0 = Release|Any CPU
		{A990F482-FC5A-4796-9F63-0371F2BBAD0E}.Debug|Any CPU.ActiveCfg = Debug|Any CPU
		{A990F482-FC5A-4796-9F63-0371F2BBAD0E}.Debug|Any CPU.Build.0 = Debug|Any CPU
		{A990F482-FC5A-4796-9F63-0371F2BBAD0E}.Release|Any CPU.ActiveCfg = Release|Any CPU
		{A990F482-FC5A-4796-9F63-0371F2BBAD0E}.Release|Any CPU.Build.0 = Release|Any CPU
		{42759BB0-134C-4FF4-A7B1-34FB42B89297}.Debug|Any CPU.ActiveCfg = Debug|Any CPU
		{42759BB0-134C-4FF4-A7B1-34FB42B89297}.Debug|Any CPU.Build.0 = Debug|Any CPU
		{42759BB0-134C-4FF4-A7B1-34FB42B89297}.Release|Any CPU.ActiveCfg = Release|Any CPU
		{42759BB0-134C-4FF4-A7B1-34FB42B89297}.Release|Any CPU.Build.0 = Release|Any CPU
		{27A41F1B-80E6-42E8-BB7F-1703512FCF3B}.Debug|Any CPU.ActiveCfg = Debug|Any CPU
		{27A41F1B-80E6-42E8-BB7F-1703512FCF3B}.Debug|Any CPU.Build.0 = Debug|Any CPU
		{27A41F1B-80E6-42E8-BB7F-1703512FCF3B}.Release|Any CPU.ActiveCfg = Release|Any CPU
		{27A41F1B-80E6-42E8-BB7F-1703512FCF3B}.Release|Any CPU.Build.0 = Release|Any CPU
	EndGlobalSection
	GlobalSection(SolutionProperties) = preSolution
		HideSolutionNode = FALSE
	EndGlobalSection
EndGlobal
