
Microsoft Visual Studio Solution File, Format Version 12.00
# Visual Studio Version 17
VisualStudioVersion = 17.12.35707.178
MinimumVisualStudioVersion = 10.0.40219.1
Project("{FAE04EC0-301F-11D3-BF4B-00C04F79EFBC}") = "Task_1", "Task_1\Task_1.csproj", "{0101D2F7-4E96-4A2F-A64C-41304AA2035E}"
EndProject
Project("{FAE04EC0-301F-11D3-BF4B-00C04F79EFBC}") = "Task_2_1", "Task2.1\Task_2_1.csproj", "{326EEE16-CDEB-44D6-BB77-950030CAA102}"
EndProject
Project("{FAE04EC0-301F-11D3-BF4B-00C04F79EFBC}") = "Task_2_2", "Task_2_2\Task_2_2.csproj", "{C6085655-DFF9-4B8B-96CD-8484A37D9109}"
EndProject
Project("{FAE04EC0-301F-11D3-BF4B-00C04F79EFBC}") = "Task_2_3", "Task_2_3\Task_2_3.csproj", "{84B8AA60-0658-4288-92F6-C2E58410D5F7}"
EndProject
Project("{FAE04EC0-301F-11D3-BF4B-00C04F79EFBC}") = "Task_2_4", "Task_2_4\Task_2_4.csproj", "{B8E0DB56-3D70-4C65-8330-CD499FD1B80A}"
EndProject
Project("{FAE04EC0-301F-11D3-BF4B-00C04F79EFBC}") = "Task_2_5", "Task_2_5\Task_2_5.csproj", "{513A66F7-4DA9-4EED-8CFE-8C1C6089FCBC}"
EndProject
Project("{FAE04EC0-301F-11D3-BF4B-00C04F79EFBC}") = "Task_2_6", "Task_2_6\Task_2_6.csproj", "{ADFCEC7F-1CF1-4B00-9461-89A7149C0908}"
EndProject
Project("{FAE04EC0-301F-11D3-BF4B-00C04F79EFBC}") = "Task_2_7", "Task_2_7\Task_2_7.csproj", "{C9A0974C-200B-4065-94B1-9CCC1E629A4B}"
EndProject
Project("{FAE04EC0-301F-11D3-BF4B-00C04F79EFBC}") = "Task_3_1", "Task_3_1\Task_3_1.csproj", "{EFE681D5-57DC-471C-A57B-9CD3BAB0525D}"
EndProject
Project("{FAE04EC0-301F-11D3-BF4B-00C04F79EFBC}") = "Task_3_2", "Task_3_2\Task_3_2.csproj", "{BBB6C9B1-8711-40D2-A1C9-2A249A93D9DD}"
EndProject
Project("{FAE04EC0-301F-11D3-BF4B-00C04F79EFBC}") = "Task_3_3", "Task_3_3\Task_3_3.csproj", "{D997C057-3B7E-43EF-A495-85C276F93D35}"
EndProject
Project("{FAE04EC0-301F-11D3-BF4B-00C04F79EFBC}") = "Task_3_4", "Task_3_4\Task_3_4.csproj", "{154853D6-460E-445E-BD1D-333E66D03A9D}"
EndProject
Project("{FAE04EC0-301F-11D3-BF4B-00C04F79EFBC}") = "Task_3_5", "Task_3_5\Task_3_5.csproj", "{50CB14BC-74BB-4CD9-838F-F47EC0A7F908}"
EndProject
Project("{FAE04EC0-301F-11D3-BF4B-00C04F79EFBC}") = "Task_3_6", "Task_3_6\Task_3_6.csproj", "{91FDA80A-C8AC-4B2F-A75E-55945BC1DAAD}"
EndProject
Project("{FAE04EC0-301F-11D3-BF4B-00C04F79EFBC}") = "Task_3_7", "Task_3_7\Task_3_7.csproj", "{63AA25D3-4F2D-4B61-9E0B-8A7228E088F8}"
EndProject
Project("{FAE04EC0-301F-11D3-BF4B-00C04F79EFBC}") = "Task_3_8", "Task_3_8\Task_3_8.csproj", "{72A87BA7-6CC4-44AF-92F2-2DAA6AAE199F}"
EndProject
Project("{FAE04EC0-301F-11D3-BF4B-00C04F79EFBC}") = "Task_3_9", "Task_3_9\Task_3_9.csproj", "{23238EE4-A58C-45B8-B920-2511D958EE2A}"
EndProject
Project("{FAE04EC0-301F-11D3-BF4B-00C04F79EFBC}") = "Task_3_10", "Task_3_10\Task_3_10.csproj", "{CEF15ECB-63D1-4826-A73A-AE2B80D7D50D}"
EndProject
Project("{FAE04EC0-301F-11D3-BF4B-00C04F79EFBC}") = "Task_3_11", "Task_3_11\Task_3_11.csproj", "{FA785219-E2BB-4894-AC80-EF784BB71C7D}"
EndProject
Project("{FAE04EC0-301F-11D3-BF4B-00C04F79EFBC}") = "Task_3_12", "Task_3_12\Task_3_12.csproj", "{ED50874F-8673-4938-9002-EBB2F2A28678}"
EndProject
Global
	GlobalSection(SolutionConfigurationPlatforms) = preSolution
		Debug|Any CPU = Debug|Any CPU
		Release|Any CPU = Release|Any CPU
	EndGlobalSection
	GlobalSection(ProjectConfigurationPlatforms) = postSolution
		{0101D2F7-4E96-4A2F-A64C-41304AA2035E}.Debug|Any CPU.ActiveCfg = Debug|Any CPU
		{0101D2F7-4E96-4A2F-A64C-41304AA2035E}.Debug|Any CPU.Build.0 = Debug|Any CPU
		{0101D2F7-4E96-4A2F-A64C-41304AA2035E}.Release|Any CPU.ActiveCfg = Release|Any CPU
		{0101D2F7-4E96-4A2F-A64C-41304AA2035E}.Release|Any CPU.Build.0 = Release|Any CPU
		{326EEE16-CDEB-44D6-BB77-950030CAA102}.Debug|Any CPU.ActiveCfg = Debug|Any CPU
		{326EEE16-CDEB-44D6-BB77-950030CAA102}.Debug|Any CPU.Build.0 = Debug|Any CPU
		{326EEE16-CDEB-44D6-BB77-950030CAA102}.Release|Any CPU.ActiveCfg = Release|Any CPU
		{326EEE16-CDEB-44D6-BB77-950030CAA102}.Release|Any CPU.Build.0 = Release|Any CPU
		{C6085655-DFF9-4B8B-96CD-8484A37D9109}.Debug|Any CPU.ActiveCfg = Debug|Any CPU
		{C6085655-DFF9-4B8B-96CD-8484A37D9109}.Debug|Any CPU.Build.0 = Debug|Any CPU
		{C6085655-DFF9-4B8B-96CD-8484A37D9109}.Release|Any CPU.ActiveCfg = Release|Any CPU
		{C6085655-DFF9-4B8B-96CD-8484A37D9109}.Release|Any CPU.Build.0 = Release|Any CPU
		{84B8AA60-0658-4288-92F6-C2E58410D5F7}.Debug|Any CPU.ActiveCfg = Debug|Any CPU
		{84B8AA60-0658-4288-92F6-C2E58410D5F7}.Debug|Any CPU.Build.0 = Debug|Any CPU
		{84B8AA60-0658-4288-92F6-C2E58410D5F7}.Release|Any CPU.ActiveCfg = Release|Any CPU
		{84B8AA60-0658-4288-92F6-C2E58410D5F7}.Release|Any CPU.Build.0 = Release|Any CPU
		{B8E0DB56-3D70-4C65-8330-CD499FD1B80A}.Debug|Any CPU.ActiveCfg = Debug|Any CPU
		{B8E0DB56-3D70-4C65-8330-CD499FD1B80A}.Debug|Any CPU.Build.0 = Debug|Any CPU
		{B8E0DB56-3D70-4C65-8330-CD499FD1B80A}.Release|Any CPU.ActiveCfg = Release|Any CPU
		{B8E0DB56-3D70-4C65-8330-CD499FD1B80A}.Release|Any CPU.Build.0 = Release|Any CPU
		{513A66F7-4DA9-4EED-8CFE-8C1C6089FCBC}.Debug|Any CPU.ActiveCfg = Debug|Any CPU
		{513A66F7-4DA9-4EED-8CFE-8C1C6089FCBC}.Debug|Any CPU.Build.0 = Debug|Any CPU
		{513A66F7-4DA9-4EED-8CFE-8C1C6089FCBC}.Release|Any CPU.ActiveCfg = Release|Any CPU
		{513A66F7-4DA9-4EED-8CFE-8C1C6089FCBC}.Release|Any CPU.Build.0 = Release|Any CPU
		{ADFCEC7F-1CF1-4B00-9461-89A7149C0908}.Debug|Any CPU.ActiveCfg = Debug|Any CPU
		{ADFCEC7F-1CF1-4B00-9461-89A7149C0908}.Debug|Any CPU.Build.0 = Debug|Any CPU
		{ADFCEC7F-1CF1-4B00-9461-89A7149C0908}.Release|Any CPU.ActiveCfg = Release|Any CPU
		{ADFCEC7F-1CF1-4B00-9461-89A7149C0908}.Release|Any CPU.Build.0 = Release|Any CPU
		{C9A0974C-200B-4065-94B1-9CCC1E629A4B}.Debug|Any CPU.ActiveCfg = Debug|Any CPU
		{C9A0974C-200B-4065-94B1-9CCC1E629A4B}.Debug|Any CPU.Build.0 = Debug|Any CPU
		{C9A0974C-200B-4065-94B1-9CCC1E629A4B}.Release|Any CPU.ActiveCfg = Release|Any CPU
		{C9A0974C-200B-4065-94B1-9CCC1E629A4B}.Release|Any CPU.Build.0 = Release|Any CPU
		{EFE681D5-57DC-471C-A57B-9CD3BAB0525D}.Debug|Any CPU.ActiveCfg = Debug|Any CPU
		{EFE681D5-57DC-471C-A57B-9CD3BAB0525D}.Debug|Any CPU.Build.0 = Debug|Any CPU
		{EFE681D5-57DC-471C-A57B-9CD3BAB0525D}.Release|Any CPU.ActiveCfg = Release|Any CPU
		{EFE681D5-57DC-471C-A57B-9CD3BAB0525D}.Release|Any CPU.Build.0 = Release|Any CPU
		{BBB6C9B1-8711-40D2-A1C9-2A249A93D9DD}.Debug|Any CPU.ActiveCfg = Debug|Any CPU
		{BBB6C9B1-8711-40D2-A1C9-2A249A93D9DD}.Debug|Any CPU.Build.0 = Debug|Any CPU
		{BBB6C9B1-8711-40D2-A1C9-2A249A93D9DD}.Release|Any CPU.ActiveCfg = Release|Any CPU
		{BBB6C9B1-8711-40D2-A1C9-2A249A93D9DD}.Release|Any CPU.Build.0 = Release|Any CPU
		{D997C057-3B7E-43EF-A495-85C276F93D35}.Debug|Any CPU.ActiveCfg = Debug|Any CPU
		{D997C057-3B7E-43EF-A495-85C276F93D35}.Debug|Any CPU.Build.0 = Debug|Any CPU
		{D997C057-3B7E-43EF-A495-85C276F93D35}.Release|Any CPU.ActiveCfg = Release|Any CPU
		{D997C057-3B7E-43EF-A495-85C276F93D35}.Release|Any CPU.Build.0 = Release|Any CPU
		{154853D6-460E-445E-BD1D-333E66D03A9D}.Debug|Any CPU.ActiveCfg = Debug|Any CPU
		{154853D6-460E-445E-BD1D-333E66D03A9D}.Debug|Any CPU.Build.0 = Debug|Any CPU
		{154853D6-460E-445E-BD1D-333E66D03A9D}.Release|Any CPU.ActiveCfg = Release|Any CPU
		{154853D6-460E-445E-BD1D-333E66D03A9D}.Release|Any CPU.Build.0 = Release|Any CPU
		{50CB14BC-74BB-4CD9-838F-F47EC0A7F908}.Debug|Any CPU.ActiveCfg = Debug|Any CPU
		{50CB14BC-74BB-4CD9-838F-F47EC0A7F908}.Debug|Any CPU.Build.0 = Debug|Any CPU
		{50CB14BC-74BB-4CD9-838F-F47EC0A7F908}.Release|Any CPU.ActiveCfg = Release|Any CPU
		{50CB14BC-74BB-4CD9-838F-F47EC0A7F908}.Release|Any CPU.Build.0 = Release|Any CPU
		{91FDA80A-C8AC-4B2F-A75E-55945BC1DAAD}.Debug|Any CPU.ActiveCfg = Debug|Any CPU
		{91FDA80A-C8AC-4B2F-A75E-55945BC1DAAD}.Debug|Any CPU.Build.0 = Debug|Any CPU
		{91FDA80A-C8AC-4B2F-A75E-55945BC1DAAD}.Release|Any CPU.ActiveCfg = Release|Any CPU
		{91FDA80A-C8AC-4B2F-A75E-55945BC1DAAD}.Release|Any CPU.Build.0 = Release|Any CPU
		{63AA25D3-4F2D-4B61-9E0B-8A7228E088F8}.Debug|Any CPU.ActiveCfg = Debug|Any CPU
		{63AA25D3-4F2D-4B61-9E0B-8A7228E088F8}.Debug|Any CPU.Build.0 = Debug|Any CPU
		{63AA25D3-4F2D-4B61-9E0B-8A7228E088F8}.Release|Any CPU.ActiveCfg = Release|Any CPU
		{63AA25D3-4F2D-4B61-9E0B-8A7228E088F8}.Release|Any CPU.Build.0 = Release|Any CPU
		{72A87BA7-6CC4-44AF-92F2-2DAA6AAE199F}.Debug|Any CPU.ActiveCfg = Debug|Any CPU
		{72A87BA7-6CC4-44AF-92F2-2DAA6AAE199F}.Debug|Any CPU.Build.0 = Debug|Any CPU
		{72A87BA7-6CC4-44AF-92F2-2DAA6AAE199F}.Release|Any CPU.ActiveCfg = Release|Any CPU
		{72A87BA7-6CC4-44AF-92F2-2DAA6AAE199F}.Release|Any CPU.Build.0 = Release|Any CPU
		{23238EE4-A58C-45B8-B920-2511D958EE2A}.Debug|Any CPU.ActiveCfg = Debug|Any CPU
		{23238EE4-A58C-45B8-B920-2511D958EE2A}.Debug|Any CPU.Build.0 = Debug|Any CPU
		{23238EE4-A58C-45B8-B920-2511D958EE2A}.Release|Any CPU.ActiveCfg = Release|Any CPU
		{23238EE4-A58C-45B8-B920-2511D958EE2A}.Release|Any CPU.Build.0 = Release|Any CPU
		{CEF15ECB-63D1-4826-A73A-AE2B80D7D50D}.Debug|Any CPU.ActiveCfg = Debug|Any CPU
		{CEF15ECB-63D1-4826-A73A-AE2B80D7D50D}.Debug|Any CPU.Build.0 = Debug|Any CPU
		{CEF15ECB-63D1-4826-A73A-AE2B80D7D50D}.Release|Any CPU.ActiveCfg = Release|Any CPU
		{CEF15ECB-63D1-4826-A73A-AE2B80D7D50D}.Release|Any CPU.Build.0 = Release|Any CPU
		{FA785219-E2BB-4894-AC80-EF784BB71C7D}.Debug|Any CPU.ActiveCfg = Debug|Any CPU
		{FA785219-E2BB-4894-AC80-EF784BB71C7D}.Debug|Any CPU.Build.0 = Debug|Any CPU
		{FA785219-E2BB-4894-AC80-EF784BB71C7D}.Release|Any CPU.ActiveCfg = Release|Any CPU
		{FA785219-E2BB-4894-AC80-EF784BB71C7D}.Release|Any CPU.Build.0 = Release|Any CPU
		{ED50874F-8673-4938-9002-EBB2F2A28678}.Debug|Any CPU.ActiveCfg = Debug|Any CPU
		{ED50874F-8673-4938-9002-EBB2F2A28678}.Debug|Any CPU.Build.0 = Debug|Any CPU
		{ED50874F-8673-4938-9002-EBB2F2A28678}.Release|Any CPU.ActiveCfg = Release|Any CPU
		{ED50874F-8673-4938-9002-EBB2F2A28678}.Release|Any CPU.Build.0 = Release|Any CPU
	EndGlobalSection
	GlobalSection(SolutionProperties) = preSolution
		HideSolutionNode = FALSE
	EndGlobalSection
EndGlobal
